
Microsoft Visual Studio Solution File, Format Version 12.00
# Visual Studio 14
VisualStudioVersion = 14.0.25420.1
MinimumVisualStudioVersion = 10.0.40219.1
Project("{FAE04EC0-301F-11D3-BF4B-00C04F79EFBC}") = "FeedCrawler", "FeedCrawler\FeedCrawler.csproj", "{AE88F327-5FBA-481A-AE5D-3A98FFF68516}"
EndProject
Global
	GlobalSection(SolutionConfigurationPlatforms) = preSolution
		Debug|Any CPU = Debug|Any CPU
		Release|Any CPU = Release|Any CPU
	EndGlobalSection
	GlobalSection(ProjectConfigurationPlatforms) = postSolution
		{AE88F327-5FBA-481A-AE5D-3A98FFF68516}.Debug|Any CPU.ActiveCfg = Debug|Any CPU
		{AE88F327-5FBA-481A-AE5D-3A98FFF68516}.Debug|Any CPU.Build.0 = Debug|Any CPU
		{AE88F327-5FBA-481A-AE5D-3A98FFF68516}.Release|Any CPU.ActiveCfg = Release|Any CPU
		{AE88F327-5FBA-481A-AE5D-3A98FFF68516}.Release|Any CPU.Build.0 = Release|Any CPU
	EndGlobalSection
	GlobalSection(SolutionProperties) = preSolution
		HideSolutionNode = FALSE
	EndGlobalSection
EndGlobal
